
Microsoft Visual Studio Solution File, Format Version 12.00
# Visual Studio Version 17
VisualStudioVersion = 17.4.33103.184
MinimumVisualStudioVersion = 10.0.40219.1
Project("{FAE04EC0-301F-11D3-BF4B-00C04F79EFBC}") = "Q1", "Q1\Q1.csproj", "{CBABE38D-683A-4475-AAEC-F830F827DFAE}"
EndProject
Project("{FAE04EC0-301F-11D3-BF4B-00C04F79EFBC}") = "Q2", "Q2\Q2.csproj", "{1F62AE13-1FDA-4017-8F3B-4FA2CB8A0978}"
EndProject
Project("{FAE04EC0-301F-11D3-BF4B-00C04F79EFBC}") = "Q3", "Q3\Q3.csproj", "{95D72332-C584-4A73-83B5-0DF97022E72A}"
EndProject
Global
	GlobalSection(SolutionConfigurationPlatforms) = preSolution
		Debug|Any CPU = Debug|Any CPU
		Release|Any CPU = Release|Any CPU
	EndGlobalSection
	GlobalSection(ProjectConfigurationPlatforms) = postSolution
		{CBABE38D-683A-4475-AAEC-F830F827DFAE}.Debug|Any CPU.ActiveCfg = Debug|Any CPU
		{CBABE38D-683A-4475-AAEC-F830F827DFAE}.Debug|Any CPU.Build.0 = Debug|Any CPU
		{CBABE38D-683A-4475-AAEC-F830F827DFAE}.Release|Any CPU.ActiveCfg = Release|Any CPU
		{CBABE38D-683A-4475-AAEC-F830F827DFAE}.Release|Any CPU.Build.0 = Release|Any CPU
		{1F62AE13-1FDA-4017-8F3B-4FA2CB8A0978}.Debug|Any CPU.ActiveCfg = Debug|Any CPU
		{1F62AE13-1FDA-4017-8F3B-4FA2CB8A0978}.Debug|Any CPU.Build.0 = Debug|Any CPU
		{1F62AE13-1FDA-4017-8F3B-4FA2CB8A0978}.Release|Any CPU.ActiveCfg = Release|Any CPU
		{1F62AE13-1FDA-4017-8F3B-4FA2CB8A0978}.Release|Any CPU.Build.0 = Release|Any CPU
		{95D72332-C584-4A73-83B5-0DF97022E72A}.Debug|Any CPU.ActiveCfg = Debug|Any CPU
		{95D72332-C584-4A73-83B5-0DF97022E72A}.Debug|Any CPU.Build.0 = Debug|Any CPU
		{95D72332-C584-4A73-83B5-0DF97022E72A}.Release|Any CPU.ActiveCfg = Release|Any CPU
		{95D72332-C584-4A73-83B5-0DF97022E72A}.Release|Any CPU.Build.0 = Release|Any CPU
	EndGlobalSection
	GlobalSection(SolutionProperties) = preSolution
		HideSolutionNode = FALSE
	EndGlobalSection
	GlobalSection(ExtensibilityGlobals) = postSolution
		SolutionGuid = {D563A450-851A-4990-85A3-30AF0B0ED158}
	EndGlobalSection
EndGlobal
